
Microsoft Visual Studio Solution File, Format Version 12.00
# Visual Studio 15
VisualStudioVersion = 15.0.26730.3
MinimumVisualStudioVersion = 10.0.40219.1
Project("{FAE04EC0-301F-11D3-BF4B-00C04F79EFBC}") = "DOcelot.APIGateway", "DOcelot.APIGateway\DOcelot.APIGateway.csproj", "{9A4D9B2C-C7BC-42E8-9E1C-61038BEA97A7}"
EndProject
Global
	GlobalSection(SolutionConfigurationPlatforms) = preSolution
		Debug|Any CPU = Debug|Any CPU
		Release|Any CPU = Release|Any CPU
	EndGlobalSection
	GlobalSection(ProjectConfigurationPlatforms) = postSolution
		{9A4D9B2C-C7BC-42E8-9E1C-61038BEA97A7}.Debug|Any CPU.ActiveCfg = Debug|Any CPU
		{9A4D9B2C-C7BC-42E8-9E1C-61038BEA97A7}.Debug|Any CPU.Build.0 = Debug|Any CPU
		{9A4D9B2C-C7BC-42E8-9E1C-61038BEA97A7}.Release|Any CPU.ActiveCfg = Release|Any CPU
		{9A4D9B2C-C7BC-42E8-9E1C-61038BEA97A7}.Release|Any CPU.Build.0 = Release|Any CPU
	EndGlobalSection
	GlobalSection(SolutionProperties) = preSolution
		HideSolutionNode = FALSE
	EndGlobalSection
	GlobalSection(ExtensibilityGlobals) = postSolution
		SolutionGuid = {66799D4B-1D81-4798-9C64-8DA0E461281E}
	EndGlobalSection
EndGlobal
